
Microsoft Visual Studio Solution File, Format Version 12.00
# Visual Studio Version 16
VisualStudioVersion = 16.0.31911.196
MinimumVisualStudioVersion = 10.0.40219.1
Project("{FAE04EC0-301F-11D3-BF4B-00C04F79EFBC}") = "VacationManager", "VacationManager\VacationManager.csproj", "{F6CCB02D-5896-4E06-9FE5-276F93176951}"
EndProject
Global
	GlobalSection(SolutionConfigurationPlatforms) = preSolution
		Debug|Any CPU = Debug|Any CPU
		Release|Any CPU = Release|Any CPU
	EndGlobalSection
	GlobalSection(ProjectConfigurationPlatforms) = postSolution
		{F6CCB02D-5896-4E06-9FE5-276F93176951}.Debug|Any CPU.ActiveCfg = Debug|Any CPU
		{F6CCB02D-5896-4E06-9FE5-276F93176951}.Debug|Any CPU.Build.0 = Debug|Any CPU
		{F6CCB02D-5896-4E06-9FE5-276F93176951}.Release|Any CPU.ActiveCfg = Release|Any CPU
		{F6CCB02D-5896-4E06-9FE5-276F93176951}.Release|Any CPU.Build.0 = Release|Any CPU
	EndGlobalSection
	GlobalSection(SolutionProperties) = preSolution
		HideSolutionNode = FALSE
	EndGlobalSection
	GlobalSection(ExtensibilityGlobals) = postSolution
		SolutionGuid = {FCA78FB3-84B8-45A3-A04C-EBC34100F570}
	EndGlobalSection
EndGlobal
